# This file is automatically @generated by Poetry and should not be changed by hand.

[[package]]
name = "pympi-ling"
version = "1.70.2"
description = "A python module for processing ELAN and Praat annotation files"
category = "main"
optional = false
python-versions = "*"
files = [
    {file = "pympi-ling-1.70.2.tar.gz", hash = "sha256:30313054bfd71e6e48d66a80bca1d329fc337f50f869ba357ddbecac36c4eee5"},
    {file = "pympi_ling-1.70.2-py2.py3-none-any.whl", hash = "sha256:06cd7c39c322a69bac39295fb9ea7a1aa9f32ba24939722bab2df58be1f87206"},
]

[package.extras]
test = ["coverage (>=4.2)", "lxml", "pytest (>=5)", "pytest-cov", "pytest-mock"]

[[package]]
name = "pywavefront"
version = "1.3.3"
description = "Python library for importing Wavefront .obj files"
category = "main"
optional = false
python-versions = ">=3.4"
files = [
    {file = "PyWavefront-1.3.3-py3-none-any.whl", hash = "sha256:ec79cadd046b168434b01031e574f4105f821d06cb8cf754801e4dc18076bbeb"},
]

[package.extras]
visualization = ["pyglet"]

[[package]]
name = "quads"
version = "1.1.0"
description = "A pure Python Quadtree implementation."
category = "main"
optional = false
python-versions = ">=3.7,<4.0"
files = [
    {file = "quads-1.1.0-py3-none-any.whl", hash = "sha256:4f2a05381f07fdf6d61352b0893819b2c52ae2286211c74bd9639a28d6424540"},
    {file = "quads-1.1.0.tar.gz", hash = "sha256:59c1d86e551a734ea83c61c185c84873cf604b54bbacdfdbce831067715ecc7e"},
]

[metadata]
lock-version = "2.0"
python-versions = "^3.11"
content-hash = "d1e45fbb56a5b2e30e82414bef9becfca2984636e8053df768490cbcef9be158"
