# This file is automatically @generated by Poetry and should not be changed by hand.

[[package]]
name = "pympi-ling"
version = "1.70.2"
description = "A python module for processing ELAN and Praat annotation files"
category = "main"
optional = false
python-versions = "*"
files = [
    {file = "pympi-ling-1.70.2.tar.gz", hash = "sha256:30313054bfd71e6e48d66a80bca1d329fc337f50f869ba357ddbecac36c4eee5"},
    {file = "pympi_ling-1.70.2-py2.py3-none-any.whl", hash = "sha256:06cd7c39c322a69bac39295fb9ea7a1aa9f32ba24939722bab2df58be1f87206"},
]

[package.extras]
test = ["coverage (>=4.2)", "lxml", "pytest (>=5)", "pytest-cov", "pytest-mock"]

[metadata]
lock-version = "2.0"
python-versions = "^3.11"
content-hash = "b3c97906f53a50cb108e7fb6650c0b4c99d49d4e4b5830c0ddc77a399cc04f22"
